
Microsoft Visual Studio Solution File, Format Version 12.00
# Visual Studio Version 17
VisualStudioVersion = 17.12.35323.107
MinimumVisualStudioVersion = 10.0.40219.1
Project("{FAE04EC0-301F-11D3-BF4B-00C04F79EFBC}") = "RDS", "RDS.csproj", "{5FC4550D-290E-4875-AD1C-3B16DB2E25C5}"
EndProject
Global
	GlobalSection(SolutionConfigurationPlatforms) = preSolution
		Debug|Any CPU = Debug|Any CPU
		Release|Any CPU = Release|Any CPU
	EndGlobalSection
	GlobalSection(ProjectConfigurationPlatforms) = postSolution
		{5FC4550D-290E-4875-AD1C-3B16DB2E25C5}.Debug|Any CPU.ActiveCfg = Debug|Any CPU
		{5FC4550D-290E-4875-AD1C-3B16DB2E25C5}.Debug|Any CPU.Build.0 = Debug|Any CPU
		{5FC4550D-290E-4875-AD1C-3B16DB2E25C5}.Release|Any CPU.ActiveCfg = Release|Any CPU
		{5FC4550D-290E-4875-AD1C-3B16DB2E25C5}.Release|Any CPU.Build.0 = Release|Any CPU
	EndGlobalSection
	GlobalSection(SolutionProperties) = preSolution
		HideSolutionNode = FALSE
	EndGlobalSection
	GlobalSection(ExtensibilityGlobals) = postSolution
		SolutionGuid = {2740098D-607B-4C72-9B00-05B2FC1B24C1}
	EndGlobalSection
EndGlobal
